
Microsoft Visual Studio Solution File, Format Version 12.00
# Visual Studio Version 16
VisualStudioVersion = 16.0.28527.54
MinimumVisualStudioVersion = 10.0.40219.1
Project("{FAE04EC0-301F-11D3-BF4B-00C04F79EFBC}") = "AzMigrate", "AzMigrate\AzMigrate.csproj", "{F7C1AFC4-22E3-4B6B-9F7D-33920D559224}"
EndProject
Global
	GlobalSection(SolutionConfigurationPlatforms) = preSolution
		Debug|Any CPU = Debug|Any CPU
		Release|Any CPU = Release|Any CPU
	EndGlobalSection
	GlobalSection(ProjectConfigurationPlatforms) = postSolution
		{F7C1AFC4-22E3-4B6B-9F7D-33920D559224}.Debug|Any CPU.ActiveCfg = Debug|Any CPU
		{F7C1AFC4-22E3-4B6B-9F7D-33920D559224}.Debug|Any CPU.Build.0 = Debug|Any CPU
		{F7C1AFC4-22E3-4B6B-9F7D-33920D559224}.Release|Any CPU.ActiveCfg = Release|Any CPU
		{F7C1AFC4-22E3-4B6B-9F7D-33920D559224}.Release|Any CPU.Build.0 = Release|Any CPU
	EndGlobalSection
	GlobalSection(SolutionProperties) = preSolution
		HideSolutionNode = FALSE
	EndGlobalSection
	GlobalSection(ExtensibilityGlobals) = postSolution
		SolutionGuid = {E894E4C9-48E7-467E-8E9A-0AF2D430F89F}
	EndGlobalSection
EndGlobal
